{
  "name": "@tsed/prisma-test",
  "requires": true,
  "lockfileVersion": 1,
  "dependencies": {
    "@prisma/client": {
      "version": "2.22.1",
      "resolved": "https://registry.npmjs.org/@prisma/client/-/client-2.22.1.tgz",
      "integrity": "sha512-JQjbsY6QSfFiovXHEp5WeJHa5p2CuR1ZFPAeYXmUsOAQOaMCrhgQmKAL6w2Q3SRA7ALqPjrKywN9/QfBc4Kp1A==",
      "requires": {
        "@prisma/engines-version": "2.22.0-21.60cc71d884972ab4e897f0277c4b84383dddaf6c"
      }
    },
    "@prisma/engines": {
      "version": "2.22.0-21.60cc71d884972ab4e897f0277c4b84383dddaf6c",
      "resolved": "https://registry.npmjs.org/@prisma/engines/-/engines-2.22.0-21.60cc71d884972ab4e897f0277c4b84383dddaf6c.tgz",
      "integrity": "sha512-KmWdogrsfsSLYvfqY3cS3QcDGzaEFklE+T6dNJf+k/KPQum4A29IwDalafMwh5cMN8ivZobUbowNSwWJrMT08Q==",
      "dev": true
    },
    "@prisma/engines-version": {
      "version": "2.22.0-21.60cc71d884972ab4e897f0277c4b84383dddaf6c",
      "resolved": "https://registry.npmjs.org/@prisma/engines-version/-/engines-version-2.22.0-21.60cc71d884972ab4e897f0277c4b84383dddaf6c.tgz",
      "integrity": "sha512-OkkVwk6iTzTbwwl8JIKAENyxmh4TFORal55QMKQzrHEY8UzbD0M90mQnmziz3PAopQUZgTFFMlaPAq1WNrLMtA=="
    },
    "prisma": {
      "version": "2.22.1",
      "resolved": "https://registry.npmjs.org/prisma/-/prisma-2.22.1.tgz",
      "integrity": "sha512-hwvCM3zyxgSda/+/p+GW7nz93jRebtMU01wAG7YVVnl0OKU+dpw1wPvPFmQRldkZHk8fTCleYmjc24WaSdVPZQ==",
      "dev": true,
      "requires": {
        "@prisma/engines": "2.22.0-21.60cc71d884972ab4e897f0277c4b84383dddaf6c"
      }
    }
  }
}
