# THIS IS AN AUTOGENERATED FILE. DO NOT EDIT THIS FILE DIRECTLY.
# yarn lockfile v1


reflect-metadata@^0.1.12:
  version "0.1.12"
  resolved "https://registry.yarnpkg.com/reflect-metadata/-/reflect-metadata-0.1.12.tgz#311bf0c6b63cd782f228a81abe146a2bfa9c56f2"

source-map-support@^0.5.3:
  version "0.5.3"
  resolved "https://registry.yarnpkg.com/source-map-support/-/source-map-support-0.5.3.tgz#2b3d5fff298cfa4d1afd7d4352d569e9a0158e76"
  dependencies:
    source-map "^0.6.0"

source-map@^0.6.0:
  version "0.6.1"
  resolved "https://registry.yarnpkg.com/source-map/-/source-map-0.6.1.tgz#74722af32e9614e9c287a8d0bbde48b5e2f1a263"

tslib@^1.8.0:
  version "1.9.0"
  resolved "https://registry.yarnpkg.com/tslib/-/tslib-1.9.0.tgz#e37a86fda8cbbaf23a057f473c9f4dc64e5fc2e8"
